
Microsoft Visual Studio Solution File, Format Version 12.00
# Visual Studio 15
Project("{FAE04EC0-301F-11D3-BF4B-00C04F79EFBC}") = "UniRx", "UniRx.csproj", "{2CD798E9-FCC7-899E-53CC-CA0A787C5B4F}"
EndProject
Project("{FAE04EC0-301F-11D3-BF4B-00C04F79EFBC}") = "UniRx.Async", "UniRx.Async.csproj", "{1DC3509A-6E1F-E7DD-C6A8-AC32FE8D15A0}"
EndProject
Project("{FAE04EC0-301F-11D3-BF4B-00C04F79EFBC}") = "Assembly-CSharp-firstpass", "Assembly-CSharp-firstpass.csproj", "{BAB90A96-DB1C-65BA-4639-D963F31B7B96}"
EndProject
Project("{FAE04EC0-301F-11D3-BF4B-00C04F79EFBC}") = "Assembly-CSharp", "Assembly-CSharp.csproj", "{31CA39B0-4EE5-3BBA-0D54-7FE2FBF2AFE4}"
EndProject
Project("{FAE04EC0-301F-11D3-BF4B-00C04F79EFBC}") = "UniRx.Examples", "UniRx.Examples.csproj", "{789C1CD2-0F14-9DA4-E797-FE6ABFBBA509}"
EndProject
Project("{FAE04EC0-301F-11D3-BF4B-00C04F79EFBC}") = "Assembly-CSharp-Editor-firstpass", "Assembly-CSharp-Editor-firstpass.csproj", "{32BBF810-AB51-692D-9C4D-F1CBCAC71E2D}"
EndProject
Project("{FAE04EC0-301F-11D3-BF4B-00C04F79EFBC}") = "UniRx.Async.Editor", "UniRx.Async.Editor.csproj", "{D30E9E35-6B2F-8CC8-5ACD-E4863B7E84F3}"
EndProject
Global
	GlobalSection(SolutionConfigurationPlatforms) = preSolution
		Debug|Any CPU = Debug|Any CPU
		Release|Any CPU = Release|Any CPU
	EndGlobalSection
	GlobalSection(ProjectConfigurationPlatforms) = postSolution
		{2CD798E9-FCC7-899E-53CC-CA0A787C5B4F}.Debug|Any CPU.ActiveCfg = Debug|Any CPU
		{2CD798E9-FCC7-899E-53CC-CA0A787C5B4F}.Debug|Any CPU.Build.0 = Debug|Any CPU
		{2CD798E9-FCC7-899E-53CC-CA0A787C5B4F}.Release|Any CPU.ActiveCfg = Release|Any CPU
		{2CD798E9-FCC7-899E-53CC-CA0A787C5B4F}.Release|Any CPU.Build.0 = Release|Any CPU
		{1DC3509A-6E1F-E7DD-C6A8-AC32FE8D15A0}.Debug|Any CPU.ActiveCfg = Debug|Any CPU
		{1DC3509A-6E1F-E7DD-C6A8-AC32FE8D15A0}.Debug|Any CPU.Build.0 = Debug|Any CPU
		{1DC3509A-6E1F-E7DD-C6A8-AC32FE8D15A0}.Release|Any CPU.ActiveCfg = Release|Any CPU
		{1DC3509A-6E1F-E7DD-C6A8-AC32FE8D15A0}.Release|Any CPU.Build.0 = Release|Any CPU
		{BAB90A96-DB1C-65BA-4639-D963F31B7B96}.Debug|Any CPU.ActiveCfg = Debug|Any CPU
		{BAB90A96-DB1C-65BA-4639-D963F31B7B96}.Debug|Any CPU.Build.0 = Debug|Any CPU
		{BAB90A96-DB1C-65BA-4639-D963F31B7B96}.Release|Any CPU.ActiveCfg = Release|Any CPU
		{BAB90A96-DB1C-65BA-4639-D963F31B7B96}.Release|Any CPU.Build.0 = Release|Any CPU
		{31CA39B0-4EE5-3BBA-0D54-7FE2FBF2AFE4}.Debug|Any CPU.ActiveCfg = Debug|Any CPU
		{31CA39B0-4EE5-3BBA-0D54-7FE2FBF2AFE4}.Debug|Any CPU.Build.0 = Debug|Any CPU
		{31CA39B0-4EE5-3BBA-0D54-7FE2FBF2AFE4}.Release|Any CPU.ActiveCfg = Release|Any CPU
		{31CA39B0-4EE5-3BBA-0D54-7FE2FBF2AFE4}.Release|Any CPU.Build.0 = Release|Any CPU
		{789C1CD2-0F14-9DA4-E797-FE6ABFBBA509}.Debug|Any CPU.ActiveCfg = Debug|Any CPU
		{789C1CD2-0F14-9DA4-E797-FE6ABFBBA509}.Debug|Any CPU.Build.0 = Debug|Any CPU
		{789C1CD2-0F14-9DA4-E797-FE6ABFBBA509}.Release|Any CPU.ActiveCfg = Release|Any CPU
		{789C1CD2-0F14-9DA4-E797-FE6ABFBBA509}.Release|Any CPU.Build.0 = Release|Any CPU
		{32BBF810-AB51-692D-9C4D-F1CBCAC71E2D}.Debug|Any CPU.ActiveCfg = Debug|Any CPU
		{32BBF810-AB51-692D-9C4D-F1CBCAC71E2D}.Debug|Any CPU.Build.0 = Debug|Any CPU
		{32BBF810-AB51-692D-9C4D-F1CBCAC71E2D}.Release|Any CPU.ActiveCfg = Release|Any CPU
		{32BBF810-AB51-692D-9C4D-F1CBCAC71E2D}.Release|Any CPU.Build.0 = Release|Any CPU
		{D30E9E35-6B2F-8CC8-5ACD-E4863B7E84F3}.Debug|Any CPU.ActiveCfg = Debug|Any CPU
		{D30E9E35-6B2F-8CC8-5ACD-E4863B7E84F3}.Debug|Any CPU.Build.0 = Debug|Any CPU
		{D30E9E35-6B2F-8CC8-5ACD-E4863B7E84F3}.Release|Any CPU.ActiveCfg = Release|Any CPU
		{D30E9E35-6B2F-8CC8-5ACD-E4863B7E84F3}.Release|Any CPU.Build.0 = Release|Any CPU
	EndGlobalSection
	GlobalSection(SolutionProperties) = preSolution
		HideSolutionNode = FALSE
	EndGlobalSection
EndGlobal
